
Microsoft Visual Studio Solution File, Format Version 12.00
# Visual Studio Version 16
VisualStudioVersion = 16.0.30011.22
MinimumVisualStudioVersion = 10.0.40219.1
Project("{9A19103F-16F7-4668-BE54-9A1E7A4F7556}") = "DataAccess", "DataAccess\DataAccess.csproj", "{51C3EAD0-0FB5-4BF5-A65C-3AC66E50C230}"
EndProject
Project("{9A19103F-16F7-4668-BE54-9A1E7A4F7556}") = "Business", "Business\Business.csproj", "{53228FDC-E34A-4884-9D21-99A4C845E7DA}"
EndProject
Project("{9A19103F-16F7-4668-BE54-9A1E7A4F7556}") = "Entities", "Entities\Entities.csproj", "{FEC6ED67-3722-464A-9254-BC9EB46C3AC5}"
EndProject
Project("{9A19103F-16F7-4668-BE54-9A1E7A4F7556}") = "ConsoleUI", "ConsoleUI\ConsoleUI.csproj", "{A78E784E-1A0F-4C15-9CBC-F758B7BC6957}"
EndProject
Project("{9A19103F-16F7-4668-BE54-9A1E7A4F7556}") = "Core", "Core\Core.csproj", "{88C8C683-5F0D-47A6-8BA8-056ED00EC3BC}"
EndProject
Project("{FAE04EC0-301F-11D3-BF4B-00C04F79EFBC}") = "WebAPI", "WebAPI\WebAPI.csproj", "{2B9DCDC7-9C4D-4CEA-A706-26C343162E44}"
EndProject
Global
	GlobalSection(SolutionConfigurationPlatforms) = preSolution
		Debug|Any CPU = Debug|Any CPU
		Release|Any CPU = Release|Any CPU
	EndGlobalSection
	GlobalSection(ProjectConfigurationPlatforms) = postSolution
		{51C3EAD0-0FB5-4BF5-A65C-3AC66E50C230}.Debug|Any CPU.ActiveCfg = Debug|Any CPU
		{51C3EAD0-0FB5-4BF5-A65C-3AC66E50C230}.Debug|Any CPU.Build.0 = Debug|Any CPU
		{51C3EAD0-0FB5-4BF5-A65C-3AC66E50C230}.Release|Any CPU.ActiveCfg = Release|Any CPU
		{51C3EAD0-0FB5-4BF5-A65C-3AC66E50C230}.Release|Any CPU.Build.0 = Release|Any CPU
		{53228FDC-E34A-4884-9D21-99A4C845E7DA}.Debug|Any CPU.ActiveCfg = Debug|Any CPU
		{53228FDC-E34A-4884-9D21-99A4C845E7DA}.Debug|Any CPU.Build.0 = Debug|Any CPU
		{53228FDC-E34A-4884-9D21-99A4C845E7DA}.Release|Any CPU.ActiveCfg = Release|Any CPU
		{53228FDC-E34A-4884-9D21-99A4C845E7DA}.Release|Any CPU.Build.0 = Release|Any CPU
		{FEC6ED67-3722-464A-9254-BC9EB46C3AC5}.Debug|Any CPU.ActiveCfg = Debug|Any CPU
		{FEC6ED67-3722-464A-9254-BC9EB46C3AC5}.Debug|Any CPU.Build.0 = Debug|Any CPU
		{FEC6ED67-3722-464A-9254-BC9EB46C3AC5}.Release|Any CPU.ActiveCfg = Release|Any CPU
		{FEC6ED67-3722-464A-9254-BC9EB46C3AC5}.Release|Any CPU.Build.0 = Release|Any CPU
		{A78E784E-1A0F-4C15-9CBC-F758B7BC6957}.Debug|Any CPU.ActiveCfg = Debug|Any CPU
		{A78E784E-1A0F-4C15-9CBC-F758B7BC6957}.Debug|Any CPU.Build.0 = Debug|Any CPU
		{A78E784E-1A0F-4C15-9CBC-F758B7BC6957}.Release|Any CPU.ActiveCfg = Release|Any CPU
		{A78E784E-1A0F-4C15-9CBC-F758B7BC6957}.Release|Any CPU.Build.0 = Release|Any CPU
		{88C8C683-5F0D-47A6-8BA8-056ED00EC3BC}.Debug|Any CPU.ActiveCfg = Debug|Any CPU
		{88C8C683-5F0D-47A6-8BA8-056ED00EC3BC}.Debug|Any CPU.Build.0 = Debug|Any CPU
		{88C8C683-5F0D-47A6-8BA8-056ED00EC3BC}.Release|Any CPU.ActiveCfg = Release|Any CPU
		{88C8C683-5F0D-47A6-8BA8-056ED00EC3BC}.Release|Any CPU.Build.0 = Release|Any CPU
		{2B9DCDC7-9C4D-4CEA-A706-26C343162E44}.Debug|Any CPU.ActiveCfg = Debug|Any CPU
		{2B9DCDC7-9C4D-4CEA-A706-26C343162E44}.Debug|Any CPU.Build.0 = Debug|Any CPU
		{2B9DCDC7-9C4D-4CEA-A706-26C343162E44}.Release|Any CPU.ActiveCfg = Release|Any CPU
		{2B9DCDC7-9C4D-4CEA-A706-26C343162E44}.Release|Any CPU.Build.0 = Release|Any CPU
	EndGlobalSection
	GlobalSection(SolutionProperties) = preSolution
		HideSolutionNode = FALSE
	EndGlobalSection
	GlobalSection(ExtensibilityGlobals) = postSolution
		SolutionGuid = {CA974D32-25BA-4427-9D75-3798B6EB539C}
	EndGlobalSection
EndGlobal
